// !$*UTF8*$!
{
	archiveVersion = 1;
	classes = {
	};
	objectVersion = 46;
	objects = {

/* Begin PBXBuildFile section */
		748516D51DAC1511001A1780 /* AppDelegate.swift in Sources */ = {isa = PBXBuildFile; fileRef = 748516D41DAC1511001A1780 /* AppDelegate.swift */; };
		748516D71DAC1511001A1780 /* ViewController.swift in Sources */ = {isa = PBXBuildFile; fileRef = 748516D61DAC1511001A1780 /* ViewController.swift */; };
		748516DA1DAC1511001A1780 /* Main.storyboard in Resources */ = {isa = PBXBuildFile; fileRef = 748516D81DAC1511001A1780 /* Main.storyboard */; };
		748516DC1DAC1511001A1780 /* Assets.xcassets in Resources */ = {isa = PBXBuildFile; fileRef = 748516DB1DAC1511001A1780 /* Assets.xcassets */; };
		748516DF1DAC1511001A1780 /* LaunchScreen.storyboard in Resources */ = {isa = PBXBuildFile; fileRef = 748516DD1DAC1511001A1780 /* LaunchScreen.storyboard */; };
		748516EC1DAC1556001A1780 /* TnHttpWorking.swift in Sources */ = {isa = PBXBuildFile; fileRef = 748516E61DAC1556001A1780 /* TnHttpWorking.swift */; };
		748516ED1DAC1556001A1780 /* TnHttp.swift in Sources */ = {isa = PBXBuildFile; fileRef = 748516E71DAC1556001A1780 /* TnHttp.swift */; };
		748516EE1DAC1556001A1780 /* qaHttpQa.swift in Sources */ = {isa = PBXBuildFile; fileRef = 748516E81DAC1556001A1780 /* qaHttpQa.swift */; };
		748516EF1DAC1556001A1780 /* qaXmlVerify.swift in Sources */ = {isa = PBXBuildFile; fileRef = 748516E91DAC1556001A1780 /* qaXmlVerify.swift */; };
		748516F01DAC1556001A1780 /* TnXml.swift in Sources */ = {isa = PBXBuildFile; fileRef = 748516EA1DAC1556001A1780 /* TnXml.swift */; };
		748516F11DAC1556001A1780 /* AEXML.swift in Sources */ = {isa = PBXBuildFile; fileRef = 748516EB1DAC1556001A1780 /* AEXML.swift */; };
/* End PBXBuildFile section */

/* Begin PBXFileReference section */
		748516D11DAC1511001A1780 /* tnrlib-v999.app */ = {isa = PBXFileReference; explicitFileType = wrapper.application; includeInIndex = 0; path = "tnrlib-v999.app"; sourceTree = BUILT_PRODUCTS_DIR; };
		748516D41DAC1511001A1780 /* AppDelegate.swift */ = {isa = PBXFileReference; lastKnownFileType = sourcecode.swift; path = AppDelegate.swift; sourceTree = "<group>"; };
		748516D61DAC1511001A1780 /* ViewController.swift */ = {isa = PBXFileReference; lastKnownFileType = sourcecode.swift; path = ViewController.swift; sourceTree = "<group>"; };
		748516D91DAC1511001A1780 /* Base */ = {isa = PBXFileReference; lastKnownFileType = file.storyboard; name = Base; path = Base.lproj/Main.storyboard; sourceTree = "<group>"; };
		748516DB1DAC1511001A1780 /* Assets.xcassets */ = {isa = PBXFileReference; lastKnownFileType = folder.assetcatalog; path = Assets.xcassets; sourceTree = "<group>"; };
		748516DE1DAC1511001A1780 /* Base */ = {isa = PBXFileReference; lastKnownFileType = file.storyboard; name = Base; path = Base.lproj/LaunchScreen.storyboard; sourceTree = "<group>"; };
		748516E01DAC1511001A1780 /* Info.plist */ = {isa = PBXFileReference; lastKnownFileType = text.plist.xml; path = Info.plist; sourceTree = "<group>"; };
		748516E61DAC1556001A1780 /* TnHttpWorking.swift */ = {isa = PBXFileReference; fileEncoding = 4; lastKnownFileType = sourcecode.swift; path = TnHttpWorking.swift; sourceTree = "<group>"; };
		748516E71DAC1556001A1780 /* TnHttp.swift */ = {isa = PBXFileReference; fileEncoding = 4; lastKnownFileType = sourcecode.swift; path = TnHttp.swift; sourceTree = "<group>"; };
		748516E81DAC1556001A1780 /* qaHttpQa.swift */ = {isa = PBXFileReference; fileEncoding = 4; lastKnownFileType = sourcecode.swift; path = qaHttpQa.swift; sourceTree = "<group>"; };
		748516E91DAC1556001A1780 /* qaXmlVerify.swift */ = {isa = PBXFileReference; fileEncoding = 4; lastKnownFileType = sourcecode.swift; path = qaXmlVerify.swift; sourceTree = "<group>"; };
		748516EA1DAC1556001A1780 /* TnXml.swift */ = {isa = PBXFileReference; fileEncoding = 4; lastKnownFileType = sourcecode.swift; path = TnXml.swift; sourceTree = "<group>"; };
		748516EB1DAC1556001A1780 /* AEXML.swift */ = {isa = PBXFileReference; fileEncoding = 4; lastKnownFileType = sourcecode.swift; path = AEXML.swift; sourceTree = "<group>"; };
		748516F41DAD3ADA001A1780 /* en-US */ = {isa = PBXFileReference; lastKnownFileType = text.plist.strings; name = "en-US"; path = "en-US.lproj/Main.strings"; sourceTree = "<group>"; };
		748516F51DAD3ADA001A1780 /* en-US */ = {isa = PBXFileReference; lastKnownFileType = text.plist.strings; name = "en-US"; path = "en-US.lproj/LaunchScreen.strings"; sourceTree = "<group>"; };
		748516F61DAD3AE5001A1780 /* es */ = {isa = PBXFileReference; lastKnownFileType = text.plist.strings; name = es; path = es.lproj/Main.strings; sourceTree = "<group>"; };
		748516F71DAD3AE5001A1780 /* es */ = {isa = PBXFileReference; lastKnownFileType = text.plist.strings; name = es; path = es.lproj/LaunchScreen.strings; sourceTree = "<group>"; };
/* End PBXFileReference section */

/* Begin PBXFrameworksBuildPhase section */
		748516CE1DAC1511001A1780 /* Frameworks */ = {
			isa = PBXFrameworksBuildPhase;
			buildActionMask = 2147483647;
			files = (
			);
			runOnlyForDeploymentPostprocessing = 0;
		};
/* End PBXFrameworksBuildPhase section */

/* Begin PBXGroup section */
		748516C81DAC1511001A1780 = {
			isa = PBXGroup;
			children = (
				748516D31DAC1511001A1780 /* tnrlib-v999 */,
				748516D21DAC1511001A1780 /* Products */,
			);
			sourceTree = "<group>";
		};
		748516D21DAC1511001A1780 /* Products */ = {
			isa = PBXGroup;
			children = (
				748516D11DAC1511001A1780 /* tnrlib-v999.app */,
			);
			name = Products;
			sourceTree = "<group>";
		};
		748516D31DAC1511001A1780 /* tnrlib-v999 */ = {
			isa = PBXGroup;
			children = (
				748516E61DAC1556001A1780 /* TnHttpWorking.swift */,
				748516E71DAC1556001A1780 /* TnHttp.swift */,
				748516E81DAC1556001A1780 /* qaHttpQa.swift */,
				748516E91DAC1556001A1780 /* qaXmlVerify.swift */,
				748516EA1DAC1556001A1780 /* TnXml.swift */,
				748516EB1DAC1556001A1780 /* AEXML.swift */,
				748516D41DAC1511001A1780 /* AppDelegate.swift */,
				748516D61DAC1511001A1780 /* ViewController.swift */,
				748516D81DAC1511001A1780 /* Main.storyboard */,
				748516DB1DAC1511001A1780 /* Assets.xcassets */,
				748516DD1DAC1511001A1780 /* LaunchScreen.storyboard */,
				748516E01DAC1511001A1780 /* Info.plist */,
			);
			path = "tnrlib-v999";
			sourceTree = "<group>";
		};
/* End PBXGroup section */

/* Begin PBXNativeTarget section */
		748516D01DAC1511001A1780 /* tnrlib-v999 */ = {
			isa = PBXNativeTarget;
			buildConfigurationList = 748516E31DAC1511001A1780 /* Build configuration list for PBXNativeTarget "tnrlib-v999" */;
			buildPhases = (
				748516CD1DAC1511001A1780 /* Sources */,
				748516CE1DAC1511001A1780 /* Frameworks */,
				748516CF1DAC1511001A1780 /* Resources */,
			);
			buildRules = (
			);
			dependencies = (
			);
			name = "tnrlib-v999";
			productName = "tnrlib-v999";
			productReference = 748516D11DAC1511001A1780 /* tnrlib-v999.app */;
			productType = "com.apple.product-type.application";
		};
/* End PBXNativeTarget section */

/* Begin PBXProject section */
		748516C91DAC1511001A1780 /* Project object */ = {
			isa = PBXProject;
			attributes = {
				LastSwiftUpdateCheck = 0730;
				LastUpgradeCheck = 0730;
				ORGANIZATIONNAME = di07zd4;
				TargetAttributes = {
					748516D01DAC1511001A1780 = {
						CreatedOnToolsVersion = 7.3.1;
					};
				};
			};
			buildConfigurationList = 748516CC1DAC1511001A1780 /* Build configuration list for PBXProject "tnrlib-v999" */;
			compatibilityVersion = "Xcode 3.2";
			developmentRegion = English;
			hasScannedForEncodings = 0;
			knownRegions = (
				en,
				Base,
			);
			mainGroup = 748516C81DAC1511001A1780;
			productRefGroup = 748516D21DAC1511001A1780 /* Products */;
			projectDirPath = "";
			projectRoot = "";
			targets = (
				748516D01DAC1511001A1780 /* tnrlib-v999 */,
			);
		};
/* End PBXProject section */

/* Begin PBXResourcesBuildPhase section */
		748516CF1DAC1511001A1780 /* Resources */ = {
			isa = PBXResourcesBuildPhase;
			buildActionMask = 2147483647;
			files = (
				748516DF1DAC1511001A1780 /* LaunchScreen.storyboard in Resources */,
				748516DC1DAC1511001A1780 /* Assets.xcassets in Resources */,
				748516DA1DAC1511001A1780 /* Main.storyboard in Resources */,
			);
			runOnlyForDeploymentPostprocessing = 0;
		};
/* End PBXResourcesBuildPhase section */

/* Begin PBXSourcesBuildPhase section */
		748516CD1DAC1511001A1780 /* Sources */ = {
			isa = PBXSourcesBuildPhase;
			buildActionMask = 2147483647;
			files = (
				748516EF1DAC1556001A1780 /* qaXmlVerify.swift in Sources */,
				748516EE1DAC1556001A1780 /* qaHttpQa.swift in Sources */,
				748516D71DAC1511001A1780 /* ViewController.swift in Sources */,
				748516ED1DAC1556001A1780 /* TnHttp.swift in Sources */,
				748516EC1DAC1556001A1780 /* TnHttpWorking.swift in Sources */,
				748516F11DAC1556001A1780 /* AEXML.swift in Sources */,
				748516D51DAC1511001A1780 /* AppDelegate.swift in Sources */,
				748516F01DAC1556001A1780 /* TnXml.swift in Sources */,
			);
			runOnlyForDeploymentPostprocessing = 0;
		};
/* End PBXSourcesBuildPhase section */

/* Begin PBXVariantGroup section */
		748516D81DAC1511001A1780 /* Main.storyboard */ = {
			isa = PBXVariantGroup;
			children = (
				748516D91DAC1511001A1780 /* Base */,
				748516F41DAD3ADA001A1780 /* en-US */,
				748516F61DAD3AE5001A1780 /* es */,
			);
			name = Main.storyboard;
			sourceTree = "<group>";
		};
		748516DD1DAC1511001A1780 /* LaunchScreen.storyboard */ = {
			isa = PBXVariantGroup;
			children = (
				748516DE1DAC1511001A1780 /* Base */,
				748516F51DAD3ADA001A1780 /* en-US */,
				748516F71DAD3AE5001A1780 /* es */,
			);
			name = LaunchScreen.storyboard;
			sourceTree = "<group>";
		};
/* End PBXVariantGroup section */

/* Begin XCBuildConfiguration section */
		748516E11DAC1511001A1780 /* Debug */ = {
			isa = XCBuildConfiguration;
			buildSettings = {
				ALWAYS_SEARCH_USER_PATHS = NO;
				CLANG_ANALYZER_NONNULL = YES;
				CLANG_CXX_LANGUAGE_STANDARD = "gnu++0x";
				CLANG_CXX_LIBRARY = "libc++";
				CLANG_ENABLE_MODULES = YES;
				CLANG_ENABLE_OBJC_ARC = YES;
				CLANG_WARN_BOOL_CONVERSION = YES;
				CLANG_WARN_CONSTANT_CONVERSION = YES;
				CLANG_WARN_DIRECT_OBJC_ISA_USAGE = YES_ERROR;
				CLANG_WARN_EMPTY_BODY = YES;
				CLANG_WARN_ENUM_CONVERSION = YES;
				CLANG_WARN_INT_CONVERSION = YES;
				CLANG_WARN_OBJC_ROOT_CLASS = YES_ERROR;
				CLANG_WARN_UNREACHABLE_CODE = YES;
				CLANG_WARN__DUPLICATE_METHOD_MATCH = YES;
				"CODE_SIGN_IDENTITY[sdk=iphoneos*]" = "iPhone Developer";
				COPY_PHASE_STRIP = NO;
				DEBUG_INFORMATION_FORMAT = dwarf;
				ENABLE_STRICT_OBJC_MSGSEND = YES;
				ENABLE_TESTABILITY = YES;
				GCC_C_LANGUAGE_STANDARD = gnu99;
				GCC_DYNAMIC_NO_PIC = NO;
				GCC_NO_COMMON_BLOCKS = YES;
				GCC_OPTIMIZATION_LEVEL = 0;
				GCC_PREPROCESSOR_DEFINITIONS = (
					"DEBUG=1",
					"$(inherited)",
				);
				GCC_WARN_64_TO_32_BIT_CONVERSION = YES;
				GCC_WARN_ABOUT_RETURN_TYPE = YES_ERROR;
				GCC_WARN_UNDECLARED_SELECTOR = YES;
				GCC_WARN_UNINITIALIZED_AUTOS = YES_AGGRESSIVE;
				GCC_WARN_UNUSED_FUNCTION = YES;
				GCC_WARN_UNUSED_VARIABLE = YES;
				IPHONEOS_DEPLOYMENT_TARGET = 9.3;
				MTL_ENABLE_DEBUG_INFO = YES;
				ONLY_ACTIVE_ARCH = YES;
				SDKROOT = iphoneos;
				SWIFT_OPTIMIZATION_LEVEL = "-Onone";
				TARGETED_DEVICE_FAMILY = "1,2";
			};
			name = Debug;
		};
		748516E21DAC1511001A1780 /* Release */ = {
			isa = XCBuildConfiguration;
			buildSettings = {
				ALWAYS_SEARCH_USER_PATHS = NO;
				CLANG_ANALYZER_NONNULL = YES;
				CLANG_CXX_LANGUAGE_STANDARD = "gnu++0x";
				CLANG_CXX_LIBRARY = "libc++";
				CLANG_ENABLE_MODULES = YES;
				CLANG_ENABLE_OBJC_ARC = YES;
				CLANG_WARN_BOOL_CONVERSION = YES;
				CLANG_WARN_CONSTANT_CONVERSION = YES;
				CLANG_WARN_DIRECT_OBJC_ISA_USAGE = YES_ERROR;
				CLANG_WARN_EMPTY_BODY = YES;
				CLANG_WARN_ENUM_CONVERSION = YES;
				CLANG_WARN_INT_CONVERSION = YES;
				CLANG_WARN_OBJC_ROOT_CLASS = YES_ERROR;
				CLANG_WARN_UNREACHABLE_CODE = YES;
				CLANG_WARN__DUPLICATE_METHOD_MATCH = YES;
				"CODE_SIGN_IDENTITY[sdk=iphoneos*]" = "iPhone Developer";
				COPY_PHASE_STRIP = NO;
				DEBUG_INFORMATION_FORMAT = "dwarf-with-dsym";
				ENABLE_NS_ASSERTIONS = NO;
				ENABLE_STRICT_OBJC_MSGSEND = YES;
				GCC_C_LANGUAGE_STANDARD = gnu99;
				GCC_NO_COMMON_BLOCKS = YES;
				GCC_WARN_64_TO_32_BIT_CONVERSION = YES;
				GCC_WARN_ABOUT_RETURN_TYPE = YES_ERROR;
				GCC_WARN_UNDECLARED_SELECTOR = YES;
				GCC_WARN_UNINITIALIZED_AUTOS = YES_AGGRESSIVE;
				GCC_WARN_UNUSED_FUNCTION = YES;
				GCC_WARN_UNUSED_VARIABLE = YES;
				IPHONEOS_DEPLOYMENT_TARGET = 9.3;
				MTL_ENABLE_DEBUG_INFO = NO;
				SDKROOT = iphoneos;
				TARGETED_DEVICE_FAMILY = "1,2";
				VALIDATE_PRODUCT = YES;
			};
			name = Release;
		};
		748516E41DAC1511001A1780 /* Debug */ = {
			isa = XCBuildConfiguration;
			buildSettings = {
				ASSETCATALOG_COMPILER_APPICON_NAME = AppIcon;
				INFOPLIST_FILE = "tnrlib-v999/Info.plist";
				LD_RUNPATH_SEARCH_PATHS = "$(inherited) @executable_path/Frameworks";
				PRODUCT_BUNDLE_IDENTIFIER = "gov.tn.doshs.tnrlib-v999";
				PRODUCT_NAME = "$(TARGET_NAME)";
				TARGETED_DEVICE_FAMILY = 1;
			};
			name = Debug;
		};
		748516E51DAC1511001A1780 /* Release */ = {
			isa = XCBuildConfiguration;
			buildSettings = {
				ASSETCATALOG_COMPILER_APPICON_NAME = AppIcon;
				INFOPLIST_FILE = "tnrlib-v999/Info.plist";
				LD_RUNPATH_SEARCH_PATHS = "$(inherited) @executable_path/Frameworks";
				PRODUCT_BUNDLE_IDENTIFIER = "gov.tn.doshs.tnrlib-v999";
				PRODUCT_NAME = "$(TARGET_NAME)";
				TARGETED_DEVICE_FAMILY = 1;
			};
			name = Release;
		};
/* End XCBuildConfiguration section */

/* Begin XCConfigurationList section */
		748516CC1DAC1511001A1780 /* Build configuration list for PBXProject "tnrlib-v999" */ = {
			isa = XCConfigurationList;
			buildConfigurations = (
				748516E11DAC1511001A1780 /* Debug */,
				748516E21DAC1511001A1780 /* Release */,
			);
			defaultConfigurationIsVisible = 0;
			defaultConfigurationName = Release;
		};
		748516E31DAC1511001A1780 /* Build configuration list for PBXNativeTarget "tnrlib-v999" */ = {
			isa = XCConfigurationList;
			buildConfigurations = (
				748516E41DAC1511001A1780 /* Debug */,
				748516E51DAC1511001A1780 /* Release */,
			);
			defaultConfigurationIsVisible = 0;
			defaultConfigurationName = Release;
		};
/* End XCConfigurationList section */
	};
	rootObject = 748516C91DAC1511001A1780 /* Project object */;
}
